
Microsoft Visual Studio Solution File, Format Version 12.00
# Visual Studio Version 16
VisualStudioVersion = 16.0.31702.278
MinimumVisualStudioVersion = 10.0.40219.1
Project("{9A19103F-16F7-4668-BE54-9A1E7A4F7556}") = "BlackPearl", "BlackPearl\BlackPearl.csproj", "{CC9A9D60-E390-4927-88A6-0D531F71CEC3}"
EndProject
Project("{9A19103F-16F7-4668-BE54-9A1E7A4F7556}") = "GameLibrary", "GameLibrary\GameLibrary.csproj", "{12521C4B-D630-4090-B40F-B88CE7953E98}"
EndProject
Project("{9A19103F-16F7-4668-BE54-9A1E7A4F7556}") = "RepositoryInterfaces", "Repository.Interfaces\RepositoryInterfaces.csproj", "{A3CCD51C-6617-4EBA-8822-434001E6A466}"
EndProject
Project("{FAE04EC0-301F-11D3-BF4B-00C04F79EFBC}") = "MyAttriubutes", "MyAttriubutes\MyAttriubutes.csproj", "{38160916-AB4F-4BAA-82B8-C4C65474844C}"
EndProject
Project("{FAE04EC0-301F-11D3-BF4B-00C04F79EFBC}") = "UnitOfWorkRepository", "UnitOfWorkRepository\UnitOfWorkRepository.csproj", "{16707CC2-BAB6-4B7E-9D17-9314C6D5A7EB}"
EndProject
Global
	GlobalSection(SolutionConfigurationPlatforms) = preSolution
		Debug|Any CPU = Debug|Any CPU
		Release|Any CPU = Release|Any CPU
	EndGlobalSection
	GlobalSection(ProjectConfigurationPlatforms) = postSolution
		{CC9A9D60-E390-4927-88A6-0D531F71CEC3}.Debug|Any CPU.ActiveCfg = Debug|Any CPU
		{CC9A9D60-E390-4927-88A6-0D531F71CEC3}.Debug|Any CPU.Build.0 = Debug|Any CPU
		{CC9A9D60-E390-4927-88A6-0D531F71CEC3}.Release|Any CPU.ActiveCfg = Release|Any CPU
		{CC9A9D60-E390-4927-88A6-0D531F71CEC3}.Release|Any CPU.Build.0 = Release|Any CPU
		{12521C4B-D630-4090-B40F-B88CE7953E98}.Debug|Any CPU.ActiveCfg = Debug|Any CPU
		{12521C4B-D630-4090-B40F-B88CE7953E98}.Debug|Any CPU.Build.0 = Debug|Any CPU
		{12521C4B-D630-4090-B40F-B88CE7953E98}.Release|Any CPU.ActiveCfg = Release|Any CPU
		{12521C4B-D630-4090-B40F-B88CE7953E98}.Release|Any CPU.Build.0 = Release|Any CPU
		{A3CCD51C-6617-4EBA-8822-434001E6A466}.Debug|Any CPU.ActiveCfg = Debug|Any CPU
		{A3CCD51C-6617-4EBA-8822-434001E6A466}.Debug|Any CPU.Build.0 = Debug|Any CPU
		{A3CCD51C-6617-4EBA-8822-434001E6A466}.Release|Any CPU.ActiveCfg = Release|Any CPU
		{A3CCD51C-6617-4EBA-8822-434001E6A466}.Release|Any CPU.Build.0 = Release|Any CPU
		{38160916-AB4F-4BAA-82B8-C4C65474844C}.Debug|Any CPU.ActiveCfg = Debug|Any CPU
		{38160916-AB4F-4BAA-82B8-C4C65474844C}.Debug|Any CPU.Build.0 = Debug|Any CPU
		{38160916-AB4F-4BAA-82B8-C4C65474844C}.Release|Any CPU.ActiveCfg = Release|Any CPU
		{38160916-AB4F-4BAA-82B8-C4C65474844C}.Release|Any CPU.Build.0 = Release|Any CPU
		{16707CC2-BAB6-4B7E-9D17-9314C6D5A7EB}.Debug|Any CPU.ActiveCfg = Debug|Any CPU
		{16707CC2-BAB6-4B7E-9D17-9314C6D5A7EB}.Debug|Any CPU.Build.0 = Debug|Any CPU
		{16707CC2-BAB6-4B7E-9D17-9314C6D5A7EB}.Release|Any CPU.ActiveCfg = Release|Any CPU
		{16707CC2-BAB6-4B7E-9D17-9314C6D5A7EB}.Release|Any CPU.Build.0 = Release|Any CPU
	EndGlobalSection
	GlobalSection(SolutionProperties) = preSolution
		HideSolutionNode = FALSE
	EndGlobalSection
	GlobalSection(ExtensibilityGlobals) = postSolution
		SolutionGuid = {82364E6D-B888-4273-9E5D-4044F3B15C44}
	EndGlobalSection
EndGlobal
